
Microsoft Visual Studio Solution File, Format Version 12.00
# Visual Studio Version 17
VisualStudioVersion = 17.4.33213.308
MinimumVisualStudioVersion = 10.0.40219.1
Project("{FAE04EC0-301F-11D3-BF4B-00C04F79EFBC}") = "Traffic", "Traffic.csproj", "{0A48418E-348A-4749-B6B5-F99DC241E215}"
EndProject
Global
	GlobalSection(SolutionConfigurationPlatforms) = preSolution
		Debug|Any CPU = Debug|Any CPU
		Release|Any CPU = Release|Any CPU
	EndGlobalSection
	GlobalSection(ProjectConfigurationPlatforms) = postSolution
		{0A48418E-348A-4749-B6B5-F99DC241E215}.Debug|Any CPU.ActiveCfg = Debug|Any CPU
		{0A48418E-348A-4749-B6B5-F99DC241E215}.Debug|Any CPU.Build.0 = Debug|Any CPU
		{0A48418E-348A-4749-B6B5-F99DC241E215}.Release|Any CPU.ActiveCfg = Release|Any CPU
		{0A48418E-348A-4749-B6B5-F99DC241E215}.Release|Any CPU.Build.0 = Release|Any CPU
	EndGlobalSection
	GlobalSection(SolutionProperties) = preSolution
		HideSolutionNode = FALSE
	EndGlobalSection
	GlobalSection(ExtensibilityGlobals) = postSolution
		SolutionGuid = {2FA19058-D074-4533-A802-47B66F8FEC50}
	EndGlobalSection
EndGlobal
